github.com/Eraac/gbfs v0.0.0-20200511215218-d8abacc250f7 h1:fHf08m3wfVWsAY1o3RxwBbSXgUSNBtJ28fA5pW8d2t8=
github.com/Eraac/gbfs v0.0.0-20200511215218-d8abacc250f7/go.mod h1:FutafKHYX9afpTQf6NGXzkB96j+7anKrM3foPzD3nVs=
github.com/Eraac/gbfs v0.0.0-20200518174807-3e6c5b1c3d08 h1:6+Yyv55BOfuEzfT+L/fSsg1VQj+FwGdSDeqhzZKpyxo=
github.com/Eraac/gbfs v0.0.0-20200518174807-3e6c5b1c3d08/go.mod h1:FutafKHYX9afpTQf6NGXzkB96j+7anKrM3foPzD3nVs=
github.com/Eraac/gbfs v1.1.3 h1:iX6PQabUl/4/3tvJ0z0vwNAHYhIahi0O4faVTJmTQEU=
github.com/Eraac/gbfs v1.1.3/go.mod h1:XmuNUKbgMKudIiPgaWq6oGfwBoqqkZ5HcN1ysd1+AS8=
github.com/StefanSchroeder/Golang-Ellipsoid v0.0.0-20200928074047-3758eb9e9574 h1:l/LWu3593Pp/tlhQ47jWuRaFkukQBd+b21XNkE401Yw=
github.com/StefanSchroeder/Golang-Ellipsoid v0.0.0-20200928074047-3758eb9e9574/go.mod h1:6/CMhlAhQVieQT0vgVvr6VfWJj21dQV7Ns6yOLuLnF8=
golang.org/x/exp v0.0.0-20220722155223-a9213eeb770e h1:+WEEuIdZHnUeJJmEUjyYC2gfUMj69yZXw17EnHg/otA=
golang.org/x/exp v0.0.0-20220722155223-a9213eeb770e/go.mod h1:Kr81I6Kryrl9sr8s2FK3vxD90NdsKWRuOIl2O4CvYbA=
